{
    "version": 3,
    "terraform_version": "0.9.8",
    "serial": 4,
    "lineage": "1325b560-039d-4d94-8583-01febe85954f",
    "modules": [
        {
            "path": [
                "root"
            ],
            "outputs": {
                "elb_dns_name": {
                    "sensitive": false,
                    "type": "string",
                    "value": "LiveDemonstration-1798865747.us-east-1.elb.amazonaws.com"
                }
            },
            "resources": {
                "aws_elb.myELB": {
                    "type": "aws_elb",
                    "depends_on": [
                        "aws_instance.webserver.*",
                        "aws_instance.webserver2.*",
                        "aws_instance.webserver3.*",
                        "data.aws_availability_zones.all"
                    ],
                    "primary": {
                        "id": "LiveDemonstration",
                        "attributes": {
                            "access_logs.#": "0",
                            "availability_zones.#": "6",
                            "availability_zones.1252502072": "us-east-1f",
                            "availability_zones.1305112097": "us-east-1b",
                            "availability_zones.2762590996": "us-east-1d",
                            "availability_zones.3551460226": "us-east-1e",
                            "availability_zones.3569565595": "us-east-1a",
                            "availability_zones.986537655": "us-east-1c",
                            "connection_draining": "false",
                            "connection_draining_timeout": "300",
                            "cross_zone_load_balancing": "true",
                            "dns_name": "LiveDemonstration-1798865747.us-east-1.elb.amazonaws.com",
                            "health_check.#": "1",
                            "health_check.0.healthy_threshold": "2",
                            "health_check.0.interval": "30",
                            "health_check.0.target": "HTTP:80/",
                            "health_check.0.timeout": "3",
                            "health_check.0.unhealthy_threshold": "2",
                            "id": "LiveDemonstration",
                            "idle_timeout": "60",
                            "instances.#": "3",
                            "instances.2647928063": "i-0d107ab32750243fc",
                            "instances.775558404": "i-08bc2f0349b89c000",
                            "instances.988935038": "i-092f8ca6bfdfb9a41",
                            "internal": "false",
                            "listener.#": "1",
                            "listener.3057123346.instance_port": "80",
                            "listener.3057123346.instance_protocol": "http",
                            "listener.3057123346.lb_port": "80",
                            "listener.3057123346.lb_protocol": "http",
                            "listener.3057123346.ssl_certificate_id": "",
                            "name": "LiveDemonstration",
                            "security_groups.#": "1",
                            "security_groups.745212008": "sg-6caf6929",
                            "source_security_group": "668836528124/default",
                            "source_security_group_id": "sg-6caf6929",
                            "subnets.#": "6",
                            "subnets.204497043": "subnet-d0c2f49a",
                            "subnets.2603420832": "subnet-ba81e2e6",
                            "subnets.282028438": "subnet-9480d89b",
                            "subnets.3404721367": "subnet-2c9ff202",
                            "subnets.3817578875": "subnet-7b08a245",
                            "subnets.3835714357": "subnet-24afc943",
                            "tags.%": "0",
                            "zone_id": "Z35SXDOTRQ7X7K"
                        },
                        "meta": {},
                        "tainted": false
                    },
                    "deposed": [],
                    "provider": ""
                },
                "aws_instance.webserver": {
                    "type": "aws_instance",
                    "depends_on": [
                        "data.template_file.user_data_0"
                    ],
                    "primary": {
                        "id": "i-08bc2f0349b89c000",
                        "attributes": {
                            "ami": "ami-0080e4c5bc078760e",
                            "associate_public_ip_address": "true",
                            "availability_zone": "us-east-1c",
                            "disable_api_termination": "false",
                            "ebs_block_device.#": "0",
                            "ebs_optimized": "false",
                            "ephemeral_block_device.#": "0",
                            "iam_instance_profile": "",
                            "id": "i-08bc2f0349b89c000",
                            "instance_state": "running",
                            "instance_type": "t2.micro",
                            "ipv6_addresses.#": "0",
                            "key_name": "",
                            "monitoring": "false",
                            "network_interface.#": "0",
                            "network_interface_id": "eni-025313ed4771c7fc6",
                            "primary_network_interface_id": "eni-025313ed4771c7fc6",
                            "private_dns": "ip-172-31-8-123.ec2.internal",
                            "private_ip": "172.31.8.123",
                            "public_dns": "ec2-34-205-203-213.compute-1.amazonaws.com",
                            "public_ip": "34.205.203.213",
                            "root_block_device.#": "1",
                            "root_block_device.0.delete_on_termination": "true",
                            "root_block_device.0.iops": "100",
                            "root_block_device.0.volume_size": "8",
                            "root_block_device.0.volume_type": "gp2",
                            "security_groups.#": "0",
                            "source_dest_check": "true",
                            "subnet_id": "subnet-24afc943",
                            "tags.%": "0",
                            "tenancy": "default",
                            "user_data": "c4e940cfd3feee503de245dffbdf9c55bd77b520",
                            "volume_tags.%": "0",
                            "vpc_security_group_ids.#": "1",
                            "vpc_security_group_ids.745212008": "sg-6caf6929"
                        },
                        "meta": {
                            "e2bfb730-ecaa-11e6-8f88-34363bc7c4c0": {
                                "create": 600000000000,
                                "delete": 600000000000,
                                "update": 600000000000
                            },
                            "schema_version": "1"
                        },
                        "tainted": false
                    },
                    "deposed": [],
                    "provider": ""
                },
                "aws_instance.webserver2": {
                    "type": "aws_instance",
                    "depends_on": [
                        "data.template_file.user_data_1"
                    ],
                    "primary": {
                        "id": "i-092f8ca6bfdfb9a41",
                        "attributes": {
                            "ami": "ami-0080e4c5bc078760e",
                            "associate_public_ip_address": "true",
                            "availability_zone": "us-east-1d",
                            "disable_api_termination": "false",
                            "ebs_block_device.#": "0",
                            "ebs_optimized": "false",
                            "ephemeral_block_device.#": "0",
                            "iam_instance_profile": "",
                            "id": "i-092f8ca6bfdfb9a41",
                            "instance_state": "running",
                            "instance_type": "t2.micro",
                            "ipv6_addresses.#": "0",
                            "key_name": "",
                            "monitoring": "false",
                            "network_interface.#": "0",
                            "network_interface_id": "eni-033d05a3b23477d56",
                            "primary_network_interface_id": "eni-033d05a3b23477d56",
                            "private_dns": "ip-172-31-90-45.ec2.internal",
                            "private_ip": "172.31.90.45",
                            "public_dns": "ec2-3-88-203-216.compute-1.amazonaws.com",
                            "public_ip": "3.88.203.216",
                            "root_block_device.#": "1",
                            "root_block_device.0.delete_on_termination": "true",
                            "root_block_device.0.iops": "100",
                            "root_block_device.0.volume_size": "8",
                            "root_block_device.0.volume_type": "gp2",
                            "security_groups.#": "0",
                            "source_dest_check": "true",
                            "subnet_id": "subnet-2c9ff202",
                            "tags.%": "0",
                            "tenancy": "default",
                            "user_data": "c5cc9bd995ef3a9d5dca5ee7a1fb7d76be976310",
                            "volume_tags.%": "0",
                            "vpc_security_group_ids.#": "1",
                            "vpc_security_group_ids.745212008": "sg-6caf6929"
                        },
                        "meta": {
                            "e2bfb730-ecaa-11e6-8f88-34363bc7c4c0": {
                                "create": 600000000000,
                                "delete": 600000000000,
                                "update": 600000000000
                            },
                            "schema_version": "1"
                        },
                        "tainted": false
                    },
                    "deposed": [],
                    "provider": ""
                },
                "aws_instance.webserver3": {
                    "type": "aws_instance",
                    "depends_on": [
                        "data.template_file.user_data_2"
                    ],
                    "primary": {
                        "id": "i-0d107ab32750243fc",
                        "attributes": {
                            "ami": "ami-0080e4c5bc078760e",
                            "associate_public_ip_address": "true",
                            "availability_zone": "us-east-1e",
                            "disable_api_termination": "false",
                            "ebs_block_device.#": "0",
                            "ebs_optimized": "false",
                            "ephemeral_block_device.#": "0",
                            "iam_instance_profile": "",
                            "id": "i-0d107ab32750243fc",
                            "instance_state": "running",
                            "instance_type": "t2.micro",
                            "ipv6_addresses.#": "0",
                            "key_name": "",
                            "monitoring": "false",
                            "network_interface.#": "0",
                            "network_interface_id": "eni-062ebdb33258d0139",
                            "primary_network_interface_id": "eni-062ebdb33258d0139",
                            "private_dns": "ip-172-31-49-156.ec2.internal",
                            "private_ip": "172.31.49.156",
                            "public_dns": "ec2-54-160-88-37.compute-1.amazonaws.com",
                            "public_ip": "54.160.88.37",
                            "root_block_device.#": "1",
                            "root_block_device.0.delete_on_termination": "true",
                            "root_block_device.0.iops": "100",
                            "root_block_device.0.volume_size": "8",
                            "root_block_device.0.volume_type": "gp2",
                            "security_groups.#": "0",
                            "source_dest_check": "true",
                            "subnet_id": "subnet-7b08a245",
                            "tags.%": "0",
                            "tenancy": "default",
                            "user_data": "a4d2d42b37def5540d4df5c9e8fe41faea257886",
                            "volume_tags.%": "0",
                            "vpc_security_group_ids.#": "1",
                            "vpc_security_group_ids.745212008": "sg-6caf6929"
                        },
                        "meta": {
                            "e2bfb730-ecaa-11e6-8f88-34363bc7c4c0": {
                                "create": 600000000000,
                                "delete": 600000000000,
                                "update": 600000000000
                            },
                            "schema_version": "1"
                        },
                        "tainted": false
                    },
                    "deposed": [],
                    "provider": ""
                },
                "data.aws_availability_zones.all": {
                    "type": "aws_availability_zones",
                    "depends_on": [],
                    "primary": {
                        "id": "2019-02-27 17:53:50.530415 +0000 UTC",
                        "attributes": {
                            "id": "2019-02-27 17:53:50.530415 +0000 UTC",
                            "names.#": "6",
                            "names.0": "us-east-1a",
                            "names.1": "us-east-1b",
                            "names.2": "us-east-1c",
                            "names.3": "us-east-1d",
                            "names.4": "us-east-1e",
                            "names.5": "us-east-1f"
                        },
                        "meta": {},
                        "tainted": false
                    },
                    "deposed": [],
                    "provider": ""
                },
                "data.template_file.user_data_0": {
                    "type": "template_file",
                    "depends_on": [],
                    "primary": {
                        "id": "12471ff6dc2f2787a92befec52251e959936a27ca35121d41f95195a9a27a7a4",
                        "attributes": {
                            "id": "12471ff6dc2f2787a92befec52251e959936a27ca35121d41f95195a9a27a7a4",
                            "rendered": "#!/bin/bash\nyum install httpd -y\nyum install git -y\nservice httpd start\nchkconfig httpd on\ngit clone https://github.com/drenner1992/website.git\ncd website\ngit checkout one\ncp -R * /root/website /var/www/html",
                            "template": "#!/bin/bash\nyum install httpd -y\nyum install git -y\nservice httpd start\nchkconfig httpd on\ngit clone https://github.com/drenner1992/website.git\ncd website\ngit checkout one\ncp -R * /root/website /var/www/html"
                        },
                        "meta": {},
                        "tainted": false
                    },
                    "deposed": [],
                    "provider": ""
                },
                "data.template_file.user_data_1": {
                    "type": "template_file",
                    "depends_on": [],
                    "primary": {
                        "id": "e32ad271caf9eb29c8c7168621e8e78dd67bdf69c59e93a93f44f37ddb4959b4",
                        "attributes": {
                            "id": "e32ad271caf9eb29c8c7168621e8e78dd67bdf69c59e93a93f44f37ddb4959b4",
                            "rendered": "#!/bin/bash\nyum install httpd -y\nyum install git -y\nservice httpd start\nchkconfig httpd on\ngit clone https://github.com/drenner1992/website.git\ncd website\ngit checkout two\ncp -R * /root/website /var/www/html",
                            "template": "#!/bin/bash\nyum install httpd -y\nyum install git -y\nservice httpd start\nchkconfig httpd on\ngit clone https://github.com/drenner1992/website.git\ncd website\ngit checkout two\ncp -R * /root/website /var/www/html"
                        },
                        "meta": {},
                        "tainted": false
                    },
                    "deposed": [],
                    "provider": ""
                },
                "data.template_file.user_data_2": {
                    "type": "template_file",
                    "depends_on": [],
                    "primary": {
                        "id": "4d517a56c53a4084b70780965474c21f499e3b11755c31766d06556e2aeb03e2",
                        "attributes": {
                            "id": "4d517a56c53a4084b70780965474c21f499e3b11755c31766d06556e2aeb03e2",
                            "rendered": "#!/bin/bash\nyum install httpd -y\nyum install git -y\nservice httpd start\nchkconfig httpd on\ngit clone https://github.com/drenner1992/website.git\ncd website\ngit checkout three\ncp -R * /root/website /var/www/html",
                            "template": "#!/bin/bash\nyum install httpd -y\nyum install git -y\nservice httpd start\nchkconfig httpd on\ngit clone https://github.com/drenner1992/website.git\ncd website\ngit checkout three\ncp -R * /root/website /var/www/html"
                        },
                        "meta": {},
                        "tainted": false
                    },
                    "deposed": [],
                    "provider": ""
                }
            },
            "depends_on": []
        }
    ]
}
