{
    "version": 3,
    "terraform_version": "0.9.8",
    "serial": 0,
    "lineage": "428a87ce-0928-4475-8383-a365912ec664",
    "modules": [
        {
            "path": [
                "root"
            ],
            "outputs": {
                "elb_dns_name": {
                    "sensitive": false,
                    "type": "string",
                    "value": "LiveDemonstration-1544461334.us-east-1.elb.amazonaws.com"
                }
            },
            "resources": {
                "aws_elb.myELB": {
                    "type": "aws_elb",
                    "depends_on": [
                        "aws_instance.webserver.*"
                    ],
                    "primary": {
                        "id": "LiveDemonstration",
                        "attributes": {
                            "access_logs.#": "0",
                            "availability_zones.#": "6",
                            "availability_zones.1252502072": "us-east-1f",
                            "availability_zones.1305112097": "us-east-1b",
                            "availability_zones.2762590996": "us-east-1d",
                            "availability_zones.3551460226": "us-east-1e",
                            "availability_zones.3569565595": "us-east-1a",
                            "availability_zones.986537655": "us-east-1c",
                            "connection_draining": "false",
                            "connection_draining_timeout": "300",
                            "cross_zone_load_balancing": "true",
                            "dns_name": "LiveDemonstration-1544461334.us-east-1.elb.amazonaws.com",
                            "health_check.#": "1",
                            "health_check.0.healthy_threshold": "2",
                            "health_check.0.interval": "5",
                            "health_check.0.target": "HTTP:80/",
                            "health_check.0.timeout": "3",
                            "health_check.0.unhealthy_threshold": "2",
                            "id": "LiveDemonstration",
                            "idle_timeout": "60",
                            "instances.#": "3",
                            "instances.3041146484": "i-0ca11711546674df8",
                            "instances.632963210": "i-09ab0634b923e5e75",
                            "instances.660834141": "i-021a78c35f34752c0",
                            "internal": "false",
                            "listener.#": "1",
                            "listener.3057123346.instance_port": "80",
                            "listener.3057123346.instance_protocol": "http",
                            "listener.3057123346.lb_port": "80",
                            "listener.3057123346.lb_protocol": "http",
                            "listener.3057123346.ssl_certificate_id": "",
                            "name": "LiveDemonstration",
                            "security_groups.#": "1",
                            "security_groups.745212008": "sg-6caf6929",
                            "source_security_group": "668836528124/default",
                            "source_security_group_id": "sg-6caf6929",
                            "subnets.#": "6",
                            "subnets.204497043": "subnet-d0c2f49a",
                            "subnets.2603420832": "subnet-ba81e2e6",
                            "subnets.282028438": "subnet-9480d89b",
                            "subnets.3404721367": "subnet-2c9ff202",
                            "subnets.3817578875": "subnet-7b08a245",
                            "subnets.3835714357": "subnet-24afc943",
                            "tags.%": "0",
                            "zone_id": "Z35SXDOTRQ7X7K"
                        },
                        "meta": {},
                        "tainted": false
                    },
                    "deposed": [],
                    "provider": ""
                },
                "aws_instance.webserver.0": {
                    "type": "aws_instance",
                    "depends_on": [
                        "data.template_file.user_data_0"
                    ],
                    "primary": {
                        "id": "i-09ab0634b923e5e75",
                        "attributes": {
                            "ami": "ami-0080e4c5bc078760e",
                            "associate_public_ip_address": "true",
                            "availability_zone": "us-east-1c",
                            "disable_api_termination": "false",
                            "ebs_block_device.#": "0",
                            "ebs_optimized": "false",
                            "ephemeral_block_device.#": "0",
                            "iam_instance_profile": "",
                            "id": "i-09ab0634b923e5e75",
                            "instance_state": "running",
                            "instance_type": "t2.micro",
                            "ipv6_addresses.#": "0",
                            "key_name": "",
                            "monitoring": "false",
                            "network_interface.#": "0",
                            "network_interface_id": "eni-0b6a9b9eb06990596",
                            "primary_network_interface_id": "eni-0b6a9b9eb06990596",
                            "private_dns": "ip-172-31-6-132.ec2.internal",
                            "private_ip": "172.31.6.132",
                            "public_dns": "ec2-100-24-121-30.compute-1.amazonaws.com",
                            "public_ip": "100.24.121.30",
                            "root_block_device.#": "1",
                            "root_block_device.0.delete_on_termination": "true",
                            "root_block_device.0.iops": "100",
                            "root_block_device.0.volume_size": "8",
                            "root_block_device.0.volume_type": "gp2",
                            "security_groups.#": "0",
                            "source_dest_check": "true",
                            "subnet_id": "subnet-24afc943",
                            "tags.%": "0",
                            "tenancy": "default",
                            "user_data": "c0707ee7b4b53718fcb3e0925c94037bd4a02385",
                            "volume_tags.%": "0",
                            "vpc_security_group_ids.#": "1",
                            "vpc_security_group_ids.745212008": "sg-6caf6929"
                        },
                        "meta": {
                            "e2bfb730-ecaa-11e6-8f88-34363bc7c4c0": {
                                "create": 600000000000,
                                "delete": 600000000000,
                                "update": 600000000000
                            },
                            "schema_version": "1"
                        },
                        "tainted": false
                    },
                    "deposed": [],
                    "provider": ""
                },
                "aws_instance.webserver.1": {
                    "type": "aws_instance",
                    "depends_on": [
                        "data.template_file.user_data_0"
                    ],
                    "primary": {
                        "id": "i-021a78c35f34752c0",
                        "attributes": {
                            "ami": "ami-0080e4c5bc078760e",
                            "associate_public_ip_address": "true",
                            "availability_zone": "us-east-1d",
                            "disable_api_termination": "false",
                            "ebs_block_device.#": "0",
                            "ebs_optimized": "false",
                            "ephemeral_block_device.#": "0",
                            "iam_instance_profile": "",
                            "id": "i-021a78c35f34752c0",
                            "instance_state": "running",
                            "instance_type": "t2.micro",
                            "ipv6_addresses.#": "0",
                            "key_name": "",
                            "monitoring": "false",
                            "network_interface.#": "0",
                            "network_interface_id": "eni-08f226278e3c94979",
                            "primary_network_interface_id": "eni-08f226278e3c94979",
                            "private_dns": "ip-172-31-94-184.ec2.internal",
                            "private_ip": "172.31.94.184",
                            "public_dns": "ec2-3-83-2-145.compute-1.amazonaws.com",
                            "public_ip": "3.83.2.145",
                            "root_block_device.#": "1",
                            "root_block_device.0.delete_on_termination": "true",
                            "root_block_device.0.iops": "100",
                            "root_block_device.0.volume_size": "8",
                            "root_block_device.0.volume_type": "gp2",
                            "security_groups.#": "0",
                            "source_dest_check": "true",
                            "subnet_id": "subnet-2c9ff202",
                            "tags.%": "0",
                            "tenancy": "default",
                            "user_data": "c0707ee7b4b53718fcb3e0925c94037bd4a02385",
                            "volume_tags.%": "0",
                            "vpc_security_group_ids.#": "1",
                            "vpc_security_group_ids.745212008": "sg-6caf6929"
                        },
                        "meta": {
                            "e2bfb730-ecaa-11e6-8f88-34363bc7c4c0": {
                                "create": 600000000000,
                                "delete": 600000000000,
                                "update": 600000000000
                            },
                            "schema_version": "1"
                        },
                        "tainted": false
                    },
                    "deposed": [],
                    "provider": ""
                },
                "aws_instance.webserver.2": {
                    "type": "aws_instance",
                    "depends_on": [
                        "data.template_file.user_data_0"
                    ],
                    "primary": {
                        "id": "i-0ca11711546674df8",
                        "attributes": {
                            "ami": "ami-0080e4c5bc078760e",
                            "associate_public_ip_address": "true",
                            "availability_zone": "us-east-1e",
                            "disable_api_termination": "false",
                            "ebs_block_device.#": "0",
                            "ebs_optimized": "false",
                            "ephemeral_block_device.#": "0",
                            "iam_instance_profile": "",
                            "id": "i-0ca11711546674df8",
                            "instance_state": "running",
                            "instance_type": "t2.micro",
                            "ipv6_addresses.#": "0",
                            "key_name": "",
                            "monitoring": "false",
                            "network_interface.#": "0",
                            "network_interface_id": "eni-01f820ca2b6984733",
                            "primary_network_interface_id": "eni-01f820ca2b6984733",
                            "private_dns": "ip-172-31-59-212.ec2.internal",
                            "private_ip": "172.31.59.212",
                            "public_dns": "ec2-18-204-5-59.compute-1.amazonaws.com",
                            "public_ip": "18.204.5.59",
                            "root_block_device.#": "1",
                            "root_block_device.0.delete_on_termination": "true",
                            "root_block_device.0.iops": "100",
                            "root_block_device.0.volume_size": "8",
                            "root_block_device.0.volume_type": "gp2",
                            "security_groups.#": "0",
                            "source_dest_check": "true",
                            "subnet_id": "subnet-7b08a245",
                            "tags.%": "0",
                            "tenancy": "default",
                            "user_data": "c0707ee7b4b53718fcb3e0925c94037bd4a02385",
                            "volume_tags.%": "0",
                            "vpc_security_group_ids.#": "1",
                            "vpc_security_group_ids.745212008": "sg-6caf6929"
                        },
                        "meta": {
                            "e2bfb730-ecaa-11e6-8f88-34363bc7c4c0": {
                                "create": 600000000000,
                                "delete": 600000000000,
                                "update": 600000000000
                            },
                            "schema_version": "1"
                        },
                        "tainted": false
                    },
                    "deposed": [],
                    "provider": ""
                },
                "data.aws_availability_zones.all": {
                    "type": "aws_availability_zones",
                    "depends_on": [],
                    "primary": {
                        "id": "2019-03-28 20:47:47.545528 +0000 UTC",
                        "attributes": {
                            "id": "2019-03-28 20:47:47.545528 +0000 UTC",
                            "names.#": "6",
                            "names.0": "us-east-1a",
                            "names.1": "us-east-1b",
                            "names.2": "us-east-1c",
                            "names.3": "us-east-1d",
                            "names.4": "us-east-1e",
                            "names.5": "us-east-1f"
                        },
                        "meta": {},
                        "tainted": false
                    },
                    "deposed": [],
                    "provider": ""
                },
                "data.template_file.user_data_0": {
                    "type": "template_file",
                    "depends_on": [],
                    "primary": {
                        "id": "e897506634dcdcd8d1c38254d69e3858ca7eb53ffe2e9700c31919efcd74d6c7",
                        "attributes": {
                            "id": "e897506634dcdcd8d1c38254d69e3858ca7eb53ffe2e9700c31919efcd74d6c7",
                            "rendered": "#!/bin/sh\nyum -y install httpd php\nchkconfig httpd on\n/etc/init.d/httpd start\ncd /var/www/html\nwget http://s3-demo-using-terraform.s3-website-us-east-1.amazonaws.com/demo.zip\nunzip demo.zip",
                            "template": "#!/bin/sh\nyum -y install httpd php\nchkconfig httpd on\n/etc/init.d/httpd start\ncd /var/www/html\nwget http://s3-demo-using-terraform.s3-website-us-east-1.amazonaws.com/demo.zip\nunzip demo.zip"
                        },
                        "meta": {},
                        "tainted": false
                    },
                    "deposed": [],
                    "provider": ""
                }
            },
            "depends_on": []
        }
    ]
}
